{
  "name": "html",
  "version": "1.0.3",
  "lockfileVersion": 1,
  "requires": true,
  "dependencies": {
    "@antv/adjust": {
      "version": "0.2.3",
      "resolved": "https://registry.npm.taobao.org/@antv/adjust/download/@antv/adjust-0.2.3.tgz?cache=0&sync_timestamp=1602724618252&other_urls=https%3A%2F%2Fregistry.npm.taobao.org%2F%40antv%2Fadjust%2Fdownload%2F%40antv%2Fadjust-0.2.3.tgz",
      "integrity": "sha1-w4hKaAwyZMwSXX8qtTmOihwLlAE=",
      "requires": {
        "@antv/util": "~2.0.0",
        "tslib": "^1.10.0"
      },
      "dependencies": {
        "tslib": {
          "version": "1.14.1",
          "resolved": "https://registry.npm.taobao.org/tslib/download/tslib-1.14.1.tgz?cache=0&sync_timestamp=1602286603545&other_urls=https%3A%2F%2Fregistry.npm.taobao.org%2Ftslib%2Fdownload%2Ftslib-1.14.1.tgz",
          "integrity": "sha1-zy04vcNKE0vK8QkcQfZhni9nLQA="
        }
      }
    },
    "@antv/attr": {
      "version": "0.3.2",
      "resolved": "https://registry.npm.taobao.org/@antv/attr/download/@antv/attr-0.3.2.tgz",
      "integrity": "sha1-5YZrZIcMYvOpwluKYfZUuiv9oFE=",
      "requires": {
        "@antv/color-util": "^2.0.1",
        "@antv/util": "~2.0.0",
        "tslib": "^1.10.0"
      },
      "dependencies": {
        "tslib": {
          "version": "1.14.1",
          "resolved": "https://registry.npm.taobao.org/tslib/download/tslib-1.14.1.tgz?cache=0&sync_timestamp=1602286603545&other_urls=https%3A%2F%2Fregistry.npm.taobao.org%2Ftslib%2Fdownload%2Ftslib-1.14.1.tgz",
          "integrity": "sha1-zy04vcNKE0vK8QkcQfZhni9nLQA="
        }
      }
    },
    "@antv/color-util": {
      "version": "2.0.6",
      "resolved": "https://registry.npm.taobao.org/@antv/color-util/download/@antv/color-util-2.0.6.tgz?cache=0&sync_timestamp=1608536974976&other_urls=https%3A%2F%2Fregistry.npm.taobao.org%2F%40antv%2Fcolor-util%2Fdownload%2F%40antv%2Fcolor-util-2.0.6.tgz",
      "integrity": "sha1-XhKbuc4/K5MJtSECs9ySlDDMwBY=",
      "requires": {
        "@antv/util": "^2.0.9",
        "tslib": "^2.0.3"
      }
    },
    "@antv/component": {
      "version": "0.8.6",
      "resolved": "https://registry.npm.taobao.org/@antv/component/download/@antv/component-0.8.6.tgz?cache=0&sync_timestamp=1608539073958&other_urls=https%3A%2F%2Fregistry.npm.taobao.org%2F%40antv%2Fcomponent%2Fdownload%2F%40antv%2Fcomponent-0.8.6.tgz",
      "integrity": "sha1-qO0Jcq/CdYjW0HKA+rkbYJal8JA=",
      "requires": {
        "@antv/dom-util": "~2.0.1",
        "@antv/g-base": "~0.5.0",
        "@antv/matrix-util": "^3.1.0-beta.1",
        "@antv/path-util": "~2.0.7",
        "@antv/scale": "~0.3.1",
        "@antv/util": "~2.0.0",
        "fecha": "~4.2.0",
        "tslib": "^2.0.3"
      }
    },
    "@antv/coord": {
      "version": "0.3.0",
      "resolved": "https://registry.npm.taobao.org/@antv/coord/download/@antv/coord-0.3.0.tgz",
      "integrity": "sha1-RyOc/TVF+Ht6Z6m+2S0SpSnVqZY=",
      "requires": {
        "@antv/matrix-util": "^3.1.0-beta.2",
        "@antv/util": "~2.0.3",
        "tslib": "^1.10.0"
      },
      "dependencies": {
        "tslib": {
          "version": "1.14.1",
          "resolved": "https://registry.npm.taobao.org/tslib/download/tslib-1.14.1.tgz?cache=0&sync_timestamp=1602286603545&other_urls=https%3A%2F%2Fregistry.npm.taobao.org%2Ftslib%2Fdownload%2Ftslib-1.14.1.tgz",
          "integrity": "sha1-zy04vcNKE0vK8QkcQfZhni9nLQA="
        }
      }
    },
    "@antv/dom-util": {
      "version": "2.0.3",
      "resolved": "https://registry.npm.taobao.org/@antv/dom-util/download/@antv/dom-util-2.0.3.tgz?cache=0&sync_timestamp=1608536974267&other_urls=https%3A%2F%2Fregistry.npm.taobao.org%2F%40antv%2Fdom-util%2Fdownload%2F%40antv%2Fdom-util-2.0.3.tgz",
      "integrity": "sha1-y9FYsciODopNhlhxpZabEZBVT/U=",
      "requires": {
        "tslib": "^2.0.3"
      }
    },
    "@antv/event-emitter": {
      "version": "0.1.2",
      "resolved": "https://registry.npm.taobao.org/@antv/event-emitter/download/@antv/event-emitter-0.1.2.tgz",
      "integrity": "sha1-oXt8uG5tBxiA3Gv7IydW+IYk7Lw="
    },
    "@antv/g-base": {
      "version": "0.5.4",
      "resolved": "https://registry.npm.taobao.org/@antv/g-base/download/@antv/g-base-0.5.4.tgz?cache=0&sync_timestamp=1608541833419&other_urls=https%3A%2F%2Fregistry.npm.taobao.org%2F%40antv%2Fg-base%2Fdownload%2F%40antv%2Fg-base-0.5.4.tgz",
      "integrity": "sha1-t9zwO1NUiILh0GkxgSNBSxSgYng=",
      "requires": {
        "@antv/event-emitter": "^0.1.1",
        "@antv/g-math": "^0.1.6",
        "@antv/matrix-util": "^3.1.0-beta.1",
        "@antv/path-util": "~2.0.5",
        "@antv/util": "~2.0.0",
        "@types/d3-timer": "^1.0.9",
        "d3-ease": "^1.0.5",
        "d3-interpolate": "^1.3.2",
        "d3-timer": "^1.0.9",
        "detect-browser": "^5.1.0",
        "tslib": "^2.0.3"
      }
    },
    "@antv/g-canvas": {
      "version": "0.5.6",
      "resolved": "https://registry.npm.taobao.org/@antv/g-canvas/download/@antv/g-canvas-0.5.6.tgz?cache=0&sync_timestamp=1608541832802&other_urls=https%3A%2F%2Fregistry.npm.taobao.org%2F%40antv%2Fg-canvas%2Fdownload%2F%40antv%2Fg-canvas-0.5.6.tgz",
      "integrity": "sha1-cmbdnreIqHgh7nQAWSAuhaOTwkw=",
      "requires": {
        "@antv/g-base": "^0.5.3",
        "@antv/g-math": "^0.1.6",
        "@antv/matrix-util": "^3.1.0-beta.1",
        "@antv/path-util": "~2.0.5",
        "@antv/util": "~2.0.0",
        "gl-matrix": "^3.0.0",
        "tslib": "^2.0.3"
      }
    },
    "@antv/g-math": {
      "version": "0.1.7",
      "resolved": "https://registry.npm.taobao.org/@antv/g-math/download/@antv/g-math-0.1.7.tgz?cache=0&sync_timestamp=1608541832366&other_urls=https%3A%2F%2Fregistry.npm.taobao.org%2F%40antv%2Fg-math%2Fdownload%2F%40antv%2Fg-math-0.1.7.tgz",
      "integrity": "sha1-bsJ2kmn3zLZ+WBQNVznfdARswE4=",
      "requires": {
        "@antv/util": "~2.0.0",
        "gl-matrix": "^3.0.0"
      }
    },
    "@antv/g-svg": {
      "version": "0.5.6",
      "resolved": "https://registry.npm.taobao.org/@antv/g-svg/download/@antv/g-svg-0.5.6.tgz?cache=0&sync_timestamp=1608541833814&other_urls=https%3A%2F%2Fregistry.npm.taobao.org%2F%40antv%2Fg-svg%2Fdownload%2F%40antv%2Fg-svg-0.5.6.tgz",
      "integrity": "sha1-cLL6mAxDGzmtPFtLU+NqHWCVfWU=",
      "requires": {
        "@antv/g-base": "^0.5.3",
        "@antv/g-math": "^0.1.6",
        "@antv/util": "~2.0.0",
        "detect-browser": "^5.0.0",
        "tslib": "^2.0.3"
      }
    },
    "@antv/g2": {
      "version": "4.1.3",
      "resolved": "https://registry.npm.taobao.org/@antv/g2/download/@antv/g2-4.1.3.tgz?cache=0&sync_timestamp=1608187410794&other_urls=https%3A%2F%2Fregistry.npm.taobao.org%2F%40antv%2Fg2%2Fdownload%2F%40antv%2Fg2-4.1.3.tgz",
      "integrity": "sha1-Nzh+lYSBrK4tALik/3JTCVbqaEQ=",
      "requires": {
        "@antv/adjust": "^0.2.1",
        "@antv/attr": "^0.3.1",
        "@antv/color-util": "^2.0.2",
        "@antv/component": "^0.8.0",
        "@antv/coord": "^0.3.0",
        "@antv/dom-util": "^2.0.2",
        "@antv/event-emitter": "~0.1.0",
        "@antv/g-base": "^0.5.0",
        "@antv/g-canvas": "^0.5.0",
        "@antv/g-svg": "^0.5.0",
        "@antv/matrix-util": "^3.1.0-beta.1",
        "@antv/path-util": "^2.0.3",
        "@antv/scale": "^0.3.1",
        "@antv/util": "~2.0.5",
        "tslib": "^2.0.0"
      }
    },
    "@antv/matrix-util": {
      "version": "3.1.0-beta.2",
      "resolved": "https://registry.npm.taobao.org/@antv/matrix-util/download/@antv/matrix-util-3.1.0-beta.2.tgz?cache=0&sync_timestamp=1608536974472&other_urls=https%3A%2F%2Fregistry.npm.taobao.org%2F%40antv%2Fmatrix-util%2Fdownload%2F%40antv%2Fmatrix-util-3.1.0-beta.2.tgz",
      "integrity": "sha1-tK+vtw299Sr/yjCNNUbIoJD9I8o=",
      "requires": {
        "@antv/util": "^2.0.9",
        "gl-matrix": "^3.3.0",
        "tslib": "^1.10.0"
      },
      "dependencies": {
        "tslib": {
          "version": "1.14.1",
          "resolved": "https://registry.npm.taobao.org/tslib/download/tslib-1.14.1.tgz?cache=0&sync_timestamp=1602286603545&other_urls=https%3A%2F%2Fregistry.npm.taobao.org%2Ftslib%2Fdownload%2Ftslib-1.14.1.tgz",
          "integrity": "sha1-zy04vcNKE0vK8QkcQfZhni9nLQA="
        }
      }
    },
    "@antv/path-util": {
      "version": "2.0.9",
      "resolved": "https://registry.npm.taobao.org/@antv/path-util/download/@antv/path-util-2.0.9.tgz?cache=0&sync_timestamp=1608536974644&other_urls=https%3A%2F%2Fregistry.npm.taobao.org%2F%40antv%2Fpath-util%2Fdownload%2F%40antv%2Fpath-util-2.0.9.tgz",
      "integrity": "sha1-l25KPPtiGXZ6YC0peyBciNZteyw=",
      "requires": {
        "@antv/util": "^2.0.9",
        "tslib": "^2.0.3"
      }
    },
    "@antv/scale": {
      "version": "0.3.6",
      "resolved": "https://registry.npm.taobao.org/@antv/scale/download/@antv/scale-0.3.6.tgz?cache=0&sync_timestamp=1608536568921&other_urls=https%3A%2F%2Fregistry.npm.taobao.org%2F%40antv%2Fscale%2Fdownload%2F%40antv%2Fscale-0.3.6.tgz",
      "integrity": "sha1-U4RIYM6VxGZMmaHc8NhC7NsKfLU=",
      "requires": {
        "@antv/util": "~2.0.3",
        "fecha": "~4.2.0",
        "tslib": "^2.0.0"
      }
    },
    "@antv/util": {
      "version": "2.0.10",
      "resolved": "https://registry.npm.taobao.org/@antv/util/download/@antv/util-2.0.10.tgz?cache=0&sync_timestamp=1608536926534&other_urls=https%3A%2F%2Fregistry.npm.taobao.org%2F%40antv%2Futil%2Fdownload%2F%40antv%2Futil-2.0.10.tgz",
      "integrity": "sha1-6PNdTpx/wyBdjYFJzrH3yUEZHyk=",
      "requires": {
        "tslib": "^2.0.3"
      }
    },
    "@types/d3-timer": {
      "version": "1.0.10",
      "resolved": "https://registry.npm.taobao.org/@types/d3-timer/download/@types/d3-timer-1.0.10.tgz",
      "integrity": "sha1-MpxRwskx9E7QrP94uMhFcazw7SE="
    },
    "d3-color": {
      "version": "1.4.1",
      "resolved": "https://registry.npm.taobao.org/d3-color/download/d3-color-1.4.1.tgz",
      "integrity": "sha1-xSACv4hGraRCTVXZeYL+8m6zvIo="
    },
    "d3-ease": {
      "version": "1.0.7",
      "resolved": "https://registry.npm.taobao.org/d3-ease/download/d3-ease-1.0.7.tgz",
      "integrity": "sha1-moNIkO+LiujFWLL+Vb1X9Zk7heI="
    },
    "d3-interpolate": {
      "version": "1.4.0",
      "resolved": "https://registry.npm.taobao.org/d3-interpolate/download/d3-interpolate-1.4.0.tgz?cache=0&sync_timestamp=1598193842038&other_urls=https%3A%2F%2Fregistry.npm.taobao.org%2Fd3-interpolate%2Fdownload%2Fd3-interpolate-1.4.0.tgz",
      "integrity": "sha1-Um554tgNqjg/ngwcHH3MDwWD6Yc=",
      "requires": {
        "d3-color": "1"
      }
    },
    "d3-timer": {
      "version": "1.0.10",
      "resolved": "https://registry.npm.taobao.org/d3-timer/download/d3-timer-1.0.10.tgz",
      "integrity": "sha1-3+dripF0iDGxO22ceT/71QjdneU="
    },
    "detect-browser": {
      "version": "5.2.0",
      "resolved": "https://registry.npm.taobao.org/detect-browser/download/detect-browser-5.2.0.tgz",
      "integrity": "sha1-yc1a+pamoZ/aC76em+SKa24enJc="
    },
    "fecha": {
      "version": "4.2.0",
      "resolved": "https://registry.npm.taobao.org/fecha/download/fecha-4.2.0.tgz",
      "integrity": "sha1-P/tjlUU+Pz7/+FBATwpZtnR/X0E="
    },
    "gl-matrix": {
      "version": "3.3.0",
      "resolved": "https://registry.npm.taobao.org/gl-matrix/download/gl-matrix-3.3.0.tgz",
      "integrity": "sha1-Iy7vYLHIswooy751ssr2xI/WNYs="
    },
    "tslib": {
      "version": "2.0.3",
      "resolved": "https://registry.npm.taobao.org/tslib/download/tslib-2.0.3.tgz?cache=0&sync_timestamp=1602286603545&other_urls=https%3A%2F%2Fregistry.npm.taobao.org%2Ftslib%2Fdownload%2Ftslib-2.0.3.tgz",
      "integrity": "sha1-jgdBrEX8DCJuWKF7/D5kubxsphw="
    }
  }
}
